{
	"name": "streamdeck-hyperx-caw-battery",
	"version": "1.0.0",
	"lockfileVersion": 3,
	"requires": true,
	"packages": {
		"": {
			"name": "streamdeck-hyperx-caw-battery",
			"version": "1.0.0",
			"dependencies": {
				"@elgato/streamdeck": "^2.0.4"
			},
			"devDependencies": {
				"@tsconfig/node20": "^20.1.4",
				"@types/node": "^20.17.0",
				"rolldown": "^1.0.0-rc.6",
				"typescript": "^5.7.2"
			}
		},
		"node_modules/@elgato/schemas": {
			"version": "0.4.15",
			"resolved": "https://registry.npmjs.org/@elgato/schemas/-/schemas-0.4.15.tgz",
			"integrity": "sha512-UpELAqazf52PFer+hqg/hvEhYoPHCH3R0af6P7Ih3Hk6xCCJENn7cA5TIpXAIGEWe6dIteHuo/e/iPGLUP7yXA==",
			"license": "MIT"
		},
		"node_modules/@elgato/streamdeck": {
			"version": "2.0.4",
			"resolved": "https://registry.npmjs.org/@elgato/streamdeck/-/streamdeck-2.0.4.tgz",
			"integrity": "sha512-4WUbarjogRU/EiEnI/EwfJQjRhSLT6Jdrgje8x0BTyCxLpAP06bGvQdjlV5gDc6u15bFruUUDnPQglmdlzeMxw==",
			"license": "MIT",
			"dependencies": {
				"@elgato/schemas": "^0.4.14",
				"@elgato/utils": "^0.4.4",
				"ws": "^8.19.0"
			},
			"engines": {
				"node": ">=20.5.1"
			}
		},
		"node_modules/@elgato/utils": {
			"version": "0.4.4",
			"resolved": "https://registry.npmjs.org/@elgato/utils/-/utils-0.4.4.tgz",
			"integrity": "sha512-KJbBp9JopLKR+0fO7QEK2HCurnKysVTMAD1GB8RklNHGcCzMqw0ep6mY8XRy3FX6OpDz+sIXZqz5DMws8Ec8AQ==",
			"license": "MIT",
			"dependencies": {
				"zod": "^3.25.24"
			}
		},
		"node_modules/@emnapi/core": {
			"version": "1.9.2",
			"resolved": "https://registry.npmjs.org/@emnapi/core/-/core-1.9.2.tgz",
			"integrity": "sha512-UC+ZhH3XtczQYfOlu3lNEkdW/p4dsJ1r/bP7H8+rhao3TTTMO1ATq/4DdIi23XuGoFY+Cz0JmCbdVl0hz9jZcA==",
			"dev": true,
			"license": "MIT",
			"optional": true,
			"dependencies": {
				"@emnapi/wasi-threads": "1.2.1",
				"tslib": "^2.4.0"
			}
		},
		"node_modules/@emnapi/runtime": {
			"version": "1.9.2",
			"resolved": "https://registry.npmjs.org/@emnapi/runtime/-/runtime-1.9.2.tgz",
			"integrity": "sha512-3U4+MIWHImeyu1wnmVygh5WlgfYDtyf0k8AbLhMFxOipihf6nrWC4syIm/SwEeec0mNSafiiNnMJwbza/Is6Lw==",
			"dev": true,
			"license": "MIT",
			"optional": true,
			"dependencies": {
				"tslib": "^2.4.0"
			}
		},
		"node_modules/@emnapi/wasi-threads": {
			"version": "1.2.1",
			"resolved": "https://registry.npmjs.org/@emnapi/wasi-threads/-/wasi-threads-1.2.1.tgz",
			"integrity": "sha512-uTII7OYF+/Mes/MrcIOYp5yOtSMLBWSIoLPpcgwipoiKbli6k322tcoFsxoIIxPDqW01SQGAgko4EzZi2BNv2w==",
			"dev": true,
			"license": "MIT",
			"optional": true,
			"dependencies": {
				"tslib": "^2.4.0"
			}
		},
		"node_modules/@napi-rs/wasm-runtime": {
			"version": "1.1.3",
			"resolved": "https://registry.npmjs.org/@napi-rs/wasm-runtime/-/wasm-runtime-1.1.3.tgz",
			"integrity": "sha512-xK9sGVbJWYb08+mTJt3/YV24WxvxpXcXtP6B172paPZ+Ts69Re9dAr7lKwJoeIx8OoeuimEiRZ7umkiUVClmmQ==",
			"dev": true,
			"license": "MIT",
			"optional": true,
			"dependencies": {
				"@tybys/wasm-util": "^0.10.1"
			},
			"funding": {
				"type": "github",
				"url": "https://github.com/sponsors/Brooooooklyn"
			},
			"peerDependencies": {
				"@emnapi/core": "^1.7.1",
				"@emnapi/runtime": "^1.7.1"
			}
		},
		"node_modules/@oxc-project/types": {
			"version": "0.124.0",
			"resolved": "https://registry.npmjs.org/@oxc-project/types/-/types-0.124.0.tgz",
			"integrity": "sha512-VBFWMTBvHxS11Z5Lvlr3IWgrwhMTXV+Md+EQF0Xf60+wAdsGFTBx7X7K/hP4pi8N7dcm1RvcHwDxZ16Qx8keUg==",
			"dev": true,
			"license": "MIT",
			"funding": {
				"url": "https://github.com/sponsors/Boshen"
			}
		},
		"node_modules/@rolldown/binding-android-arm64": {
			"version": "1.0.0-rc.14",
			"resolved": "https://registry.npmjs.org/@rolldown/binding-android-arm64/-/binding-android-arm64-1.0.0-rc.14.tgz",
			"integrity": "sha512-rJgm6anlnBiT/lAhYXsBPaJhovM5JqRQ6k8UfDZdUXepaoxys8xcfNFp6bhJdbnTf2+I+YbLFJ5p1/VcI6wl2A==",
			"cpu": [
				"arm64"
			],
			"dev": true,
			"license": "MIT",
			"optional": true,
			"os": [
				"android"
			],
			"engines": {
				"node": "^20.19.0 || >=22.12.0"
			}
		},
		"node_modules/@rolldown/binding-darwin-arm64": {
			"version": "1.0.0-rc.14",
			"resolved": "https://registry.npmjs.org/@rolldown/binding-darwin-arm64/-/binding-darwin-arm64-1.0.0-rc.14.tgz",
			"integrity": "sha512-21+BaHtD0IF+cFaCJFMM5qMqtIDyT4dHcibIAEr7ZbtjG2MbXO5PjMqGN4rQkWAhrq638dcKWDZ5uUMUisJDHQ==",
			"cpu": [
				"arm64"
			],
			"dev": true,
			"license": "MIT",
			"optional": true,
			"os": [
				"darwin"
			],
			"engines": {
				"node": "^20.19.0 || >=22.12.0"
			}
		},
		"node_modules/@rolldown/binding-darwin-x64": {
			"version": "1.0.0-rc.14",
			"resolved": "https://registry.npmjs.org/@rolldown/binding-darwin-x64/-/binding-darwin-x64-1.0.0-rc.14.tgz",
			"integrity": "sha512-5hvOzj4a70rybFDFdKc8EclxoEzY7DjB53Xolbq8Sbo3HaN4U7j7Z45aPQXzCKG2I7HvybzdM2xW/AL0Afmrfg==",
			"cpu": [
				"x64"
			],
			"dev": true,
			"license": "MIT",
			"optional": true,
			"os": [
				"darwin"
			],
			"engines": {
				"node": "^20.19.0 || >=22.12.0"
			}
		},
		"node_modules/@rolldown/binding-freebsd-x64": {
			"version": "1.0.0-rc.14",
			"resolved": "https://registry.npmjs.org/@rolldown/binding-freebsd-x64/-/binding-freebsd-x64-1.0.0-rc.14.tgz",
			"integrity": "sha512-gVaINvIiN1YT7gjxs6d0//GDT2y2DTbKKIbLk5G5VOtCndHCTrbgceFlTgwq3h53k1OXTGd0gJtC5btDanjfbg==",
			"cpu": [
				"x64"
			],
			"dev": true,
			"license": "MIT",
			"optional": true,
			"os": [
				"freebsd"
			],
			"engines": {
				"node": "^20.19.0 || >=22.12.0"
			}
		},
		"node_modules/@rolldown/binding-linux-arm-gnueabihf": {
			"version": "1.0.0-rc.14",
			"resolved": "https://registry.npmjs.org/@rolldown/binding-linux-arm-gnueabihf/-/binding-linux-arm-gnueabihf-1.0.0-rc.14.tgz",
			"integrity": "sha512-el0dPE3R7H4e3wmaFN+1/jJe4nbTCdkbNMtw9Myj5t38eZXtv+O46hngnwq2VjeZOjz4Rc/FQDI+oGtE9pbZqQ==",
			"cpu": [
				"arm"
			],
			"dev": true,
			"license": "MIT",
			"optional": true,
			"os": [
				"linux"
			],
			"engines": {
				"node": "^20.19.0 || >=22.12.0"
			}
		},
		"node_modules/@rolldown/binding-linux-arm64-gnu": {
			"version": "1.0.0-rc.14",
			"resolved": "https://registry.npmjs.org/@rolldown/binding-linux-arm64-gnu/-/binding-linux-arm64-gnu-1.0.0-rc.14.tgz",
			"integrity": "sha512-+q7jyEYbYHVa+EhjmSh0LcJB46ve0SdGnqGaWfV+g4ud+wzUxIgv4MxZmqG7jNR4wLKX0+FHPn6RP6MDe6T5ZQ==",
			"cpu": [
				"arm64"
			],
			"dev": true,
			"libc": [
				"glibc"
			],
			"license": "MIT",
			"optional": true,
			"os": [
				"linux"
			],
			"engines": {
				"node": "^20.19.0 || >=22.12.0"
			}
		},
		"node_modules/@rolldown/binding-linux-arm64-musl": {
			"version": "1.0.0-rc.14",
			"resolved": "https://registry.npmjs.org/@rolldown/binding-linux-arm64-musl/-/binding-linux-arm64-musl-1.0.0-rc.14.tgz",
			"integrity": "sha512-MM5zJpuf1Hz6JZmkZDi0WuJBqxDneYoh7WE8Hwy3bj2ebBMpAntS0CWgL/423P/5s9CzE9lygolMMdSkrtmDVg==",
			"cpu": [
				"arm64"
			],
			"dev": true,
			"libc": [
				"musl"
			],
			"license": "MIT",
			"optional": true,
			"os": [
				"linux"
			],
			"engines": {
				"node": "^20.19.0 || >=22.12.0"
			}
		},
		"node_modules/@rolldown/binding-linux-ppc64-gnu": {
			"version": "1.0.0-rc.14",
			"resolved": "https://registry.npmjs.org/@rolldown/binding-linux-ppc64-gnu/-/binding-linux-ppc64-gnu-1.0.0-rc.14.tgz",
			"integrity": "sha512-73h3xZDs0MSqJGjMyV4EjLXBIRs+YeIs0XN2/6DT5I0W5HyjTagH4QXa3CRHL77UAyS5xpr+RxKlJhkR5g05fA==",
			"cpu": [
				"ppc64"
			],
			"dev": true,
			"libc": [
				"glibc"
			],
			"license": "MIT",
			"optional": true,
			"os": [
				"linux"
			],
			"engines": {
				"node": "^20.19.0 || >=22.12.0"
			}
		},
		"node_modules/@rolldown/binding-linux-s390x-gnu": {
			"version": "1.0.0-rc.14",
			"resolved": "https://registry.npmjs.org/@rolldown/binding-linux-s390x-gnu/-/binding-linux-s390x-gnu-1.0.0-rc.14.tgz",
			"integrity": "sha512-/Z9EkQlW8nnP1gmOjXIQRuGDadiRv/8gnYK0/dRv1nra4d2J2j70oqO4ltmpE0W24Ac7i1G0o/HIs9yXXj96mg==",
			"cpu": [
				"s390x"
			],
			"dev": true,
			"libc": [
				"glibc"
			],
			"license": "MIT",
			"optional": true,
			"os": [
				"linux"
			],
			"engines": {
				"node": "^20.19.0 || >=22.12.0"
			}
		},
		"node_modules/@rolldown/binding-linux-x64-gnu": {
			"version": "1.0.0-rc.14",
			"resolved": "https://registry.npmjs.org/@rolldown/binding-linux-x64-gnu/-/binding-linux-x64-gnu-1.0.0-rc.14.tgz",
			"integrity": "sha512-7V6pMjtRh0J7eIcLjs9EvcuSk5Vz4qDY+u8GojpPEQ8X4+6F8Qq1fOkeyTD6QQvZpiuWeWCvSNwjwfi86wIJ+w==",
			"cpu": [
				"x64"
			],
			"dev": true,
			"libc": [
				"glibc"
			],
			"license": "MIT",
			"optional": true,
			"os": [
				"linux"
			],
			"engines": {
				"node": "^20.19.0 || >=22.12.0"
			}
		},
		"node_modules/@rolldown/binding-linux-x64-musl": {
			"version": "1.0.0-rc.14",
			"resolved": "https://registry.npmjs.org/@rolldown/binding-linux-x64-musl/-/binding-linux-x64-musl-1.0.0-rc.14.tgz",
			"integrity": "sha512-Yxi4UdSPXJTtGjGEgObeWIWSOmVoXLXa8CmGCdb3GKmJS0kcmcklp1ClSC3VipQRxL0ALj9JuNUxfKUW6bIKjQ==",
			"cpu": [
				"x64"
			],
			"dev": true,
			"libc": [
				"musl"
			],
			"license": "MIT",
			"optional": true,
			"os": [
				"linux"
			],
			"engines": {
				"node": "^20.19.0 || >=22.12.0"
			}
		},
		"node_modules/@rolldown/binding-openharmony-arm64": {
			"version": "1.0.0-rc.14",
			"resolved": "https://registry.npmjs.org/@rolldown/binding-openharmony-arm64/-/binding-openharmony-arm64-1.0.0-rc.14.tgz",
			"integrity": "sha512-YOC79AFS2WCHU6v47tNw/rsLXW/Lj/WDRf8IVDpqN3cZk8ucLFAPxGCeyrIuIE6mYlTQdgIvmj22c/NC9EHTvg==",
			"cpu": [
				"arm64"
			],
			"dev": true,
			"license": "MIT",
			"optional": true,
			"os": [
				"openharmony"
			],
			"engines": {
				"node": "^20.19.0 || >=22.12.0"
			}
		},
		"node_modules/@rolldown/binding-wasm32-wasi": {
			"version": "1.0.0-rc.14",
			"resolved": "https://registry.npmjs.org/@rolldown/binding-wasm32-wasi/-/binding-wasm32-wasi-1.0.0-rc.14.tgz",
			"integrity": "sha512-dXoc9dGlySSwrn5hj8gaHTpFhJhh+eEHEQyWdqc56X/BCYxD1tjOAm5mkMXyEvolne9y9KCQgL1A/xEd1J3RBw==",
			"cpu": [
				"wasm32"
			],
			"dev": true,
			"license": "MIT",
			"optional": true,
			"dependencies": {
				"@emnapi/core": "1.9.2",
				"@emnapi/runtime": "1.9.2",
				"@napi-rs/wasm-runtime": "^1.1.3"
			},
			"engines": {
				"node": ">=14.0.0"
			}
		},
		"node_modules/@rolldown/binding-win32-arm64-msvc": {
			"version": "1.0.0-rc.14",
			"resolved": "https://registry.npmjs.org/@rolldown/binding-win32-arm64-msvc/-/binding-win32-arm64-msvc-1.0.0-rc.14.tgz",
			"integrity": "sha512-G24v2feAC4rnKhlgzz0msbi4OCfvZHCS04Hayhy8Aj/kRLnUnN0JNMGJiNxsRLCmK2i9gBIR/X1geQysfr0h5g==",
			"cpu": [
				"arm64"
			],
			"dev": true,
			"license": "MIT",
			"optional": true,
			"os": [
				"win32"
			],
			"engines": {
				"node": "^20.19.0 || >=22.12.0"
			}
		},
		"node_modules/@rolldown/binding-win32-x64-msvc": {
			"version": "1.0.0-rc.14",
			"resolved": "https://registry.npmjs.org/@rolldown/binding-win32-x64-msvc/-/binding-win32-x64-msvc-1.0.0-rc.14.tgz",
			"integrity": "sha512-yS/76wZ3HLwb20YbFHEiwoqz//0uFLyEye4IMmcyPFmxHMJnd7DgOcJCGjUG/7fswBkvGT2AJeT24UYOIBtBSw==",
			"cpu": [
				"x64"
			],
			"dev": true,
			"license": "MIT",
			"optional": true,
			"os": [
				"win32"
			],
			"engines": {
				"node": "^20.19.0 || >=22.12.0"
			}
		},
		"node_modules/@rolldown/pluginutils": {
			"version": "1.0.0-rc.14",
			"resolved": "https://registry.npmjs.org/@rolldown/pluginutils/-/pluginutils-1.0.0-rc.14.tgz",
			"integrity": "sha512-ktoSqSpdex3xml4M3wV//KiF8MiQkMz8bz2e7SUJvCK9qyL/XjAnLLB+UO3+uE9RLxqUhuDzddc7Cf+EaZ169Q==",
			"dev": true,
			"license": "MIT"
		},
		"node_modules/@tsconfig/node20": {
			"version": "20.1.9",
			"resolved": "https://registry.npmjs.org/@tsconfig/node20/-/node20-20.1.9.tgz",
			"integrity": "sha512-IjlTv1RsvnPtUcjTqtVsZExKVq+KQx4g5pCP5tI7rAs6Xesl2qFwSz/tPDBC4JajkL/MlezBu3gPUwqRHl+RIg==",
			"dev": true,
			"license": "MIT"
		},
		"node_modules/@tybys/wasm-util": {
			"version": "0.10.1",
			"resolved": "https://registry.npmjs.org/@tybys/wasm-util/-/wasm-util-0.10.1.tgz",
			"integrity": "sha512-9tTaPJLSiejZKx+Bmog4uSubteqTvFrVrURwkmHixBo0G4seD0zUxp98E1DzUBJxLQ3NPwXrGKDiVjwx/DpPsg==",
			"dev": true,
			"license": "MIT",
			"optional": true,
			"dependencies": {
				"tslib": "^2.4.0"
			}
		},
		"node_modules/@types/node": {
			"version": "20.19.39",
			"resolved": "https://registry.npmjs.org/@types/node/-/node-20.19.39.tgz",
			"integrity": "sha512-orrrD74MBUyK8jOAD/r0+lfa1I2MO6I+vAkmAWzMYbCcgrN4lCrmK52gRFQq/JRxfYPfonkr4b0jcY7Olqdqbw==",
			"dev": true,
			"license": "MIT",
			"dependencies": {
				"undici-types": "~6.21.0"
			}
		},
		"node_modules/rolldown": {
			"version": "1.0.0-rc.14",
			"resolved": "https://registry.npmjs.org/rolldown/-/rolldown-1.0.0-rc.14.tgz",
			"integrity": "sha512-bGQjaQyK9k7ovrbYNWNOHorqO0gYZpip+I3PTi4iDL1nDe1qkOOwYp2BHGnpCw4LVcTjM+rhJ0mvxX12lu3hiA==",
			"dev": true,
			"license": "MIT",
			"dependencies": {
				"@oxc-project/types": "=0.124.0",
				"@rolldown/pluginutils": "1.0.0-rc.14"
			},
			"bin": {
				"rolldown": "bin/cli.mjs"
			},
			"engines": {
				"node": "^20.19.0 || >=22.12.0"
			},
			"optionalDependencies": {
				"@rolldown/binding-android-arm64": "1.0.0-rc.14",
				"@rolldown/binding-darwin-arm64": "1.0.0-rc.14",
				"@rolldown/binding-darwin-x64": "1.0.0-rc.14",
				"@rolldown/binding-freebsd-x64": "1.0.0-rc.14",
				"@rolldown/binding-linux-arm-gnueabihf": "1.0.0-rc.14",
				"@rolldown/binding-linux-arm64-gnu": "1.0.0-rc.14",
				"@rolldown/binding-linux-arm64-musl": "1.0.0-rc.14",
				"@rolldown/binding-linux-ppc64-gnu": "1.0.0-rc.14",
				"@rolldown/binding-linux-s390x-gnu": "1.0.0-rc.14",
				"@rolldown/binding-linux-x64-gnu": "1.0.0-rc.14",
				"@rolldown/binding-linux-x64-musl": "1.0.0-rc.14",
				"@rolldown/binding-openharmony-arm64": "1.0.0-rc.14",
				"@rolldown/binding-wasm32-wasi": "1.0.0-rc.14",
				"@rolldown/binding-win32-arm64-msvc": "1.0.0-rc.14",
				"@rolldown/binding-win32-x64-msvc": "1.0.0-rc.14"
			}
		},
		"node_modules/tslib": {
			"version": "2.8.1",
			"resolved": "https://registry.npmjs.org/tslib/-/tslib-2.8.1.tgz",
			"integrity": "sha512-oJFu94HQb+KVduSUQL7wnpmqnfmLsOA/nAh6b6EH0wCEoK0/mPeXU6c3wKDV83MkOuHPRHtSXKKU99IBazS/2w==",
			"dev": true,
			"license": "0BSD",
			"optional": true
		},
		"node_modules/typescript": {
			"version": "5.9.3",
			"resolved": "https://registry.npmjs.org/typescript/-/typescript-5.9.3.tgz",
			"integrity": "sha512-jl1vZzPDinLr9eUt3J/t7V6FgNEw9QjvBPdysz9KfQDD41fQrC2Y4vKQdiaUpFT4bXlb1RHhLpp8wtm6M5TgSw==",
			"dev": true,
			"license": "Apache-2.0",
			"bin": {
				"tsc": "bin/tsc",
				"tsserver": "bin/tsserver"
			},
			"engines": {
				"node": ">=14.17"
			}
		},
		"node_modules/undici-types": {
			"version": "6.21.0",
			"resolved": "https://registry.npmjs.org/undici-types/-/undici-types-6.21.0.tgz",
			"integrity": "sha512-iwDZqg0QAGrg9Rav5H4n0M64c3mkR59cJ6wQp+7C4nI0gsmExaedaYLNO44eT4AtBBwjbTiGPMlt2Md0T9H9JQ==",
			"dev": true,
			"license": "MIT"
		},
		"node_modules/ws": {
			"version": "8.20.0",
			"resolved": "https://registry.npmjs.org/ws/-/ws-8.20.0.tgz",
			"integrity": "sha512-sAt8BhgNbzCtgGbt2OxmpuryO63ZoDk/sqaB/znQm94T4fCEsy/yV+7CdC1kJhOU9lboAEU7R3kquuycDoibVA==",
			"license": "MIT",
			"engines": {
				"node": ">=10.0.0"
			},
			"peerDependencies": {
				"bufferutil": "^4.0.1",
				"utf-8-validate": ">=5.0.2"
			},
			"peerDependenciesMeta": {
				"bufferutil": {
					"optional": true
				},
				"utf-8-validate": {
					"optional": true
				}
			}
		},
		"node_modules/zod": {
			"version": "3.25.76",
			"resolved": "https://registry.npmjs.org/zod/-/zod-3.25.76.tgz",
			"integrity": "sha512-gzUt/qt81nXsFGKIFcC3YnfEAx5NkunCfnDlvuBSSFS02bcXu4Lmea0AFIUwbLWxWPx3d9p8S5QoaujKcNQxcQ==",
			"license": "MIT",
			"funding": {
				"url": "https://github.com/sponsors/colinhacks"
			}
		}
	}
}
